
Microsoft Visual Studio Solution File, Format Version 12.00
# Visual Studio Version 17
VisualStudioVersion = 17.6.33815.320
MinimumVisualStudioVersion = 10.0.40219.1
Project("{9A19103F-16F7-4668-BE54-9A1E7A4F7556}") = "RetryPoc", "RetryPoc\RetryPoc.csproj", "{38F29D37-C05D-462A-86BC-4DD48DE3CA95}"
EndProject
Project("{FAE04EC0-301F-11D3-BF4B-00C04F79EFBC}") = "RetryPocTests", "RetryPocTests\RetryPocTests.csproj", "{778DE8E9-F637-4AEF-A555-10631041E18D}"
EndProject
Global
	GlobalSection(SolutionConfigurationPlatforms) = preSolution
		Debug|Any CPU = Debug|Any CPU
		Release|Any CPU = Release|Any CPU
	EndGlobalSection
	GlobalSection(ProjectConfigurationPlatforms) = postSolution
		{38F29D37-C05D-462A-86BC-4DD48DE3CA95}.Debug|Any CPU.ActiveCfg = Debug|Any CPU
		{38F29D37-C05D-462A-86BC-4DD48DE3CA95}.Debug|Any CPU.Build.0 = Debug|Any CPU
		{38F29D37-C05D-462A-86BC-4DD48DE3CA95}.Release|Any CPU.ActiveCfg = Release|Any CPU
		{38F29D37-C05D-462A-86BC-4DD48DE3CA95}.Release|Any CPU.Build.0 = Release|Any CPU
		{778DE8E9-F637-4AEF-A555-10631041E18D}.Debug|Any CPU.ActiveCfg = Debug|Any CPU
		{778DE8E9-F637-4AEF-A555-10631041E18D}.Debug|Any CPU.Build.0 = Debug|Any CPU
		{778DE8E9-F637-4AEF-A555-10631041E18D}.Release|Any CPU.ActiveCfg = Release|Any CPU
		{778DE8E9-F637-4AEF-A555-10631041E18D}.Release|Any CPU.Build.0 = Release|Any CPU
	EndGlobalSection
	GlobalSection(SolutionProperties) = preSolution
		HideSolutionNode = FALSE
	EndGlobalSection
	GlobalSection(ExtensibilityGlobals) = postSolution
		SolutionGuid = {D9AA2215-BACA-46D0-B23D-BDB5ABECE61F}
	EndGlobalSection
EndGlobal
